Microsoft Visual Studio Solution File, Format Version 8.00
Project("{8BC9CEB8-8B4A-11D0-8D11-00A0C91BC942}") = "cpi", "cpi.vcproj", "{8A4EF666-0FA4-4472-842B-C1C10C941439}"
	ProjectSection(ProjectDependencies) = postProject
	EndProjectSection
EndProject
Project("{8BC9CEB8-8B4A-11D0-8D11-00A0C91BC942}") = "pmandel", "pmandel.vcproj", "{7A24F228-2A69-4E40-A5B5-8294C699EEB4}"
	ProjectSection(ProjectDependencies) = postProject
	EndProjectSection
EndProject
Project("{8BC9CEB8-8B4A-11D0-8D11-00A0C91BC942}") = "pmandel_fence", "pmandel_fence.vcproj", "{FEF84809-FBA0-4186-B6A9-5C12F28858AD}"
	ProjectSection(ProjectDependencies) = postProject
	EndProjectSection
EndProject
Project("{8BC9CEB8-8B4A-11D0-8D11-00A0C91BC942}") = "pmandel_service", "pmandel_service.vcproj", "{628FA51F-0886-4D7D-BBE4-18FB6516D7D2}"
	ProjectSection(ProjectDependencies) = postProject
	EndProjectSection
EndProject
Project("{8BC9CEB8-8B4A-11D0-8D11-00A0C91BC942}") = "pmandel_spaserv", "pmandel_spaserv.vcproj", "{491B0550-63A6-4DE2-82EF-E4243DBDC77F}"
	ProjectSection(ProjectDependencies) = postProject
	EndProjectSection
EndProject
Project("{8BC9CEB8-8B4A-11D0-8D11-00A0C91BC942}") = "pmandel_spawn", "pmandel_spawn.vcproj", "{D05C5962-1D40-4A33-ACE8-87A6DA3600A9}"
	ProjectSection(ProjectDependencies) = postProject
	EndProjectSection
EndProject
Project("{8BC9CEB8-8B4A-11D0-8D11-00A0C91BC942}") = "pman_vis", "windows\pmandel_vis\pman_vis.vcproj", "{29D7A10A-E306-413E-A87E-5A2BCCE0848C}"
	ProjectSection(ProjectDependencies) = postProject
	EndProjectSection
EndProject
Project("{FAE04EC0-301F-11D3-BF4B-00C04F79EFBC}") = "MandelViewer", "windows\pmandel_vis_net\MandelViewer.csproj", "{D979FA77-DC9A-4869-B42D-27F4E6B76B29}"
	ProjectSection(ProjectDependencies) = postProject
	EndProjectSection
EndProject
Project("{8BC9CEB8-8B4A-11D0-8D11-00A0C91BC942}") = "mpiexec", "mpiexec\mpiexec.vcproj", "{AA4FCEC7-CF15-42DD-8B50-C724973F1E9A}"
	ProjectSection(ProjectDependencies) = postProject
	EndProjectSection
EndProject
Project("{6989167D-11E4-40FE-8C1A-2192A86A7E90}") = "fpi", "f77\fpi.vfproj", "{8E333EAC-3206-42CD-B401-FE1921D21D83}"
	ProjectSection(ProjectDependencies) = postProject
	EndProjectSection
EndProject
Project("{8BC9CEB8-8B4A-11D0-8D11-00A0C91BC942}") = "netpipe", "..\test\mpi\basic\netpipe.vcproj", "{FF13401B-AB0F-4659-823E-E3AA20D85E8B}"
	ProjectSection(ProjectDependencies) = postProject
	EndProjectSection
EndProject
Global
	GlobalSection(SolutionConfiguration) = preSolution
		Debug = Debug
		Release = Release
	EndGlobalSection
	GlobalSection(ProjectConfiguration) = postSolution
		{8A4EF666-0FA4-4472-842B-C1C10C941439}.Debug.ActiveCfg = Debug|Win32
		{8A4EF666-0FA4-4472-842B-C1C10C941439}.Debug.Build.0 = Debug|Win32
		{8A4EF666-0FA4-4472-842B-C1C10C941439}.Release.ActiveCfg = Release|Win32
		{8A4EF666-0FA4-4472-842B-C1C10C941439}.Release.Build.0 = Release|Win32
		{7A24F228-2A69-4E40-A5B5-8294C699EEB4}.Debug.ActiveCfg = Debug|Win32
		{7A24F228-2A69-4E40-A5B5-8294C699EEB4}.Debug.Build.0 = Debug|Win32
		{7A24F228-2A69-4E40-A5B5-8294C699EEB4}.Release.ActiveCfg = Release|Win32
		{7A24F228-2A69-4E40-A5B5-8294C699EEB4}.Release.Build.0 = Release|Win32
		{FEF84809-FBA0-4186-B6A9-5C12F28858AD}.Debug.ActiveCfg = Debug|Win32
		{FEF84809-FBA0-4186-B6A9-5C12F28858AD}.Debug.Build.0 = Debug|Win32
		{FEF84809-FBA0-4186-B6A9-5C12F28858AD}.Release.ActiveCfg = Release|Win32
		{FEF84809-FBA0-4186-B6A9-5C12F28858AD}.Release.Build.0 = Release|Win32
		{628FA51F-0886-4D7D-BBE4-18FB6516D7D2}.Debug.ActiveCfg = Debug|Win32
		{628FA51F-0886-4D7D-BBE4-18FB6516D7D2}.Debug.Build.0 = Debug|Win32
		{628FA51F-0886-4D7D-BBE4-18FB6516D7D2}.Release.ActiveCfg = Release|Win32
		{628FA51F-0886-4D7D-BBE4-18FB6516D7D2}.Release.Build.0 = Release|Win32
		{491B0550-63A6-4DE2-82EF-E4243DBDC77F}.Debug.ActiveCfg = Debug|Win32
		{491B0550-63A6-4DE2-82EF-E4243DBDC77F}.Debug.Build.0 = Debug|Win32
		{491B0550-63A6-4DE2-82EF-E4243DBDC77F}.Release.ActiveCfg = Release|Win32
		{491B0550-63A6-4DE2-82EF-E4243DBDC77F}.Release.Build.0 = Release|Win32
		{D05C5962-1D40-4A33-ACE8-87A6DA3600A9}.Debug.ActiveCfg = Debug|Win32
		{D05C5962-1D40-4A33-ACE8-87A6DA3600A9}.Debug.Build.0 = Debug|Win32
		{D05C5962-1D40-4A33-ACE8-87A6DA3600A9}.Release.ActiveCfg = Release|Win32
		{D05C5962-1D40-4A33-ACE8-87A6DA3600A9}.Release.Build.0 = Release|Win32
		{29D7A10A-E306-413E-A87E-5A2BCCE0848C}.Debug.ActiveCfg = Debug|Win32
		{29D7A10A-E306-413E-A87E-5A2BCCE0848C}.Debug.Build.0 = Debug|Win32
		{29D7A10A-E306-413E-A87E-5A2BCCE0848C}.Release.ActiveCfg = Release|Win32
		{29D7A10A-E306-413E-A87E-5A2BCCE0848C}.Release.Build.0 = Release|Win32
		{D979FA77-DC9A-4869-B42D-27F4E6B76B29}.Debug.ActiveCfg = Debug|.NET
		{D979FA77-DC9A-4869-B42D-27F4E6B76B29}.Debug.Build.0 = Debug|.NET
		{D979FA77-DC9A-4869-B42D-27F4E6B76B29}.Release.ActiveCfg = Release|.NET
		{D979FA77-DC9A-4869-B42D-27F4E6B76B29}.Release.Build.0 = Release|.NET
		{AA4FCEC7-CF15-42DD-8B50-C724973F1E9A}.Debug.ActiveCfg = Debug|Win32
		{AA4FCEC7-CF15-42DD-8B50-C724973F1E9A}.Debug.Build.0 = Debug|Win32
		{AA4FCEC7-CF15-42DD-8B50-C724973F1E9A}.Release.ActiveCfg = Release|Win32
		{AA4FCEC7-CF15-42DD-8B50-C724973F1E9A}.Release.Build.0 = Release|Win32
		{8E333EAC-3206-42CD-B401-FE1921D21D83}.Debug.ActiveCfg = Debug|Win32
		{8E333EAC-3206-42CD-B401-FE1921D21D83}.Debug.Build.0 = Debug|Win32
		{8E333EAC-3206-42CD-B401-FE1921D21D83}.Release.ActiveCfg = Release|Win32
		{8E333EAC-3206-42CD-B401-FE1921D21D83}.Release.Build.0 = Release|Win32
		{FF13401B-AB0F-4659-823E-E3AA20D85E8B}.Debug.ActiveCfg = Debug|Win32
		{FF13401B-AB0F-4659-823E-E3AA20D85E8B}.Debug.Build.0 = Debug|Win32
		{FF13401B-AB0F-4659-823E-E3AA20D85E8B}.Release.ActiveCfg = Release|Win32
		{FF13401B-AB0F-4659-823E-E3AA20D85E8B}.Release.Build.0 = Release|Win32
	EndGlobalSection
	GlobalSection(ExtensibilityGlobals) = postSolution
	EndGlobalSection
	GlobalSection(ExtensibilityAddIns) = postSolution
	EndGlobalSection
EndGlobal
